
Microsoft Visual Studio Solution File, Format Version 12.00
# Visual Studio Version 16
VisualStudioVersion = 16.0.29728.190
MinimumVisualStudioVersion = 10.0.40219.1
Project("{FAE04EC0-301F-11D3-BF4B-00C04F79EFBC}") = "StringUtility", "StringUtility\StringUtility.csproj", "{A44538A3-BB38-497F-B55E-0DC56BB1B121}"
EndProject
Project("{FAE04EC0-301F-11D3-BF4B-00C04F79EFBC}") = "TestStringUtility", "TestStringUtility\TestStringUtility.csproj", "{976D064D-3765-44A4-8E07-59864AAB4E62}"
EndProject
Global
	GlobalSection(SolutionConfigurationPlatforms) = preSolution
		Debug|Any CPU = Debug|Any CPU
		Release|Any CPU = Release|Any CPU
	EndGlobalSection
	GlobalSection(ProjectConfigurationPlatforms) = postSolution
		{A44538A3-BB38-497F-B55E-0DC56BB1B121}.Debug|Any CPU.ActiveCfg = Debug|Any CPU
		{A44538A3-BB38-497F-B55E-0DC56BB1B121}.Debug|Any CPU.Build.0 = Debug|Any CPU
		{A44538A3-BB38-497F-B55E-0DC56BB1B121}.Release|Any CPU.ActiveCfg = Release|Any CPU
		{A44538A3-BB38-497F-B55E-0DC56BB1B121}.Release|Any CPU.Build.0 = Release|Any CPU
		{976D064D-3765-44A4-8E07-59864AAB4E62}.Debug|Any CPU.ActiveCfg = Debug|Any CPU
		{976D064D-3765-44A4-8E07-59864AAB4E62}.Debug|Any CPU.Build.0 = Debug|Any CPU
		{976D064D-3765-44A4-8E07-59864AAB4E62}.Release|Any CPU.ActiveCfg = Release|Any CPU
		{976D064D-3765-44A4-8E07-59864AAB4E62}.Release|Any CPU.Build.0 = Release|Any CPU
	EndGlobalSection
	GlobalSection(SolutionProperties) = preSolution
		HideSolutionNode = FALSE
	EndGlobalSection
	GlobalSection(ExtensibilityGlobals) = postSolution
		SolutionGuid = {CECE30C4-30F8-4436-A290-167E9734BDA1}
	EndGlobalSection
EndGlobal
